
Microsoft Visual Studio Solution File, Format Version 12.00
# Visual Studio 15
VisualStudioVersion = 15.0.27703.2000
MinimumVisualStudioVersion = 10.0.40219.1
Project("{FAE04EC0-301F-11D3-BF4B-00C04F79EFBC}") = "Test.Currency.service", "ConsoleApp4\Test.Currency.service.csproj", "{94C72A29-4C4B-41AE-BE65-C48DD1BCAEFF}"
EndProject
Project("{FAE04EC0-301F-11D3-BF4B-00C04F79EFBC}") = "Test.WebApi.ExchangeRates", "Test.WebApi.ExchangeRates\Test.WebApi.ExchangeRates.csproj", "{6BE58C04-BC64-4646-8624-1DF6F84AD341}"
EndProject
Global
	GlobalSection(SolutionConfigurationPlatforms) = preSolution
		Debug|Any CPU = Debug|Any CPU
		Release|Any CPU = Release|Any CPU
	EndGlobalSection
	GlobalSection(ProjectConfigurationPlatforms) = postSolution
		{94C72A29-4C4B-41AE-BE65-C48DD1BCAEFF}.Debug|Any CPU.ActiveCfg = Debug|Any CPU
		{94C72A29-4C4B-41AE-BE65-C48DD1BCAEFF}.Debug|Any CPU.Build.0 = Debug|Any CPU
		{94C72A29-4C4B-41AE-BE65-C48DD1BCAEFF}.Release|Any CPU.ActiveCfg = Release|Any CPU
		{94C72A29-4C4B-41AE-BE65-C48DD1BCAEFF}.Release|Any CPU.Build.0 = Release|Any CPU
		{6BE58C04-BC64-4646-8624-1DF6F84AD341}.Debug|Any CPU.ActiveCfg = Debug|Any CPU
		{6BE58C04-BC64-4646-8624-1DF6F84AD341}.Debug|Any CPU.Build.0 = Debug|Any CPU
		{6BE58C04-BC64-4646-8624-1DF6F84AD341}.Release|Any CPU.ActiveCfg = Release|Any CPU
		{6BE58C04-BC64-4646-8624-1DF6F84AD341}.Release|Any CPU.Build.0 = Release|Any CPU
	EndGlobalSection
	GlobalSection(SolutionProperties) = preSolution
		HideSolutionNode = FALSE
	EndGlobalSection
	GlobalSection(ExtensibilityGlobals) = postSolution
		SolutionGuid = {AE6D4259-ADF6-467A-A1EC-5AFD99E5AA14}
	EndGlobalSection
EndGlobal
